
Microsoft Visual Studio Solution File, Format Version 12.00
# Visual Studio Version 17
VisualStudioVersion = 17.7.34024.191
MinimumVisualStudioVersion = 10.0.40219.1
Project("{9A19103F-16F7-4668-BE54-9A1E7A4F7556}") = "EF_Trainings", "EF_Trainings\EF_Trainings.csproj", "{E17DBD1C-702B-483D-B079-5285DF02F9EF}"
EndProject
Project("{FAE04EC0-301F-11D3-BF4B-00C04F79EFBC}") = "DatabaseFirstApp", "DatabaseFirstApp\DatabaseFirstApp.csproj", "{6DF94FA1-60EE-4C9C-8DB8-D6A30CDC7355}"
EndProject
Project("{9A19103F-16F7-4668-BE54-9A1E7A4F7556}") = "LinqApp", "LinqApp\LinqApp.csproj", "{F733F93A-B9D6-46DB-BF74-74D0CF737DCF}"
EndProject
Project("{9A19103F-16F7-4668-BE54-9A1E7A4F7556}") = "LinQueryMethods", "LinQueryMethods\LinQueryMethods.csproj", "{BD09683F-4708-461A-BF1A-09874D8F1D85}"
EndProject
Project("{9A19103F-16F7-4668-BE54-9A1E7A4F7556}") = "wfaEmployeeProject", "wfaEmployeeProject\wfaEmployeeProject.csproj", "{DB6061DC-B7E5-48D6-B5FE-B8B920441CD9}"
EndProject
Project("{9A19103F-16F7-4668-BE54-9A1E7A4F7556}") = "DbContextDbSet", "DbContextDbSet\DbContextDbSet.csproj", "{52BBC18C-B5B4-4C77-8184-EB05A79E7B7D}"
EndProject
Project("{9A19103F-16F7-4668-BE54-9A1E7A4F7556}") = "RelationsEFCore", "RelationsEFCore\RelationsEFCore.csproj", "{CF4DAFB3-BA32-4B2B-BE55-D8FE9BA67AD0}"
EndProject
Project("{9A19103F-16F7-4668-BE54-9A1E7A4F7556}") = "ManyToManyEfCore", "ManyToManyEfCore\ManyToManyEfCore.csproj", "{64ED4DDE-2458-492D-94B2-5ACBAA622794}"
EndProject
Project("{9A19103F-16F7-4668-BE54-9A1E7A4F7556}") = "CodeFirstPlane", "CodeFirstPlane\CodeFirstPlane.csproj", "{87AC795D-42C7-4AB5-BD53-EDB1F27BAA07}"
EndProject
Project("{9A19103F-16F7-4668-BE54-9A1E7A4F7556}") = "DataAnatotaionsAndFluentApi", "DataAnatotaionsAndFluentApi\DataAnatotaionsAndFluentApi.csproj", "{AF4835B8-3668-4E80-B1BE-C9B4F71989B3}"
EndProject
Project("{9A19103F-16F7-4668-BE54-9A1E7A4F7556}") = "HayvanBakimiDataAnnotation", "HayvanBakimiDataAnnotation\HayvanBakimiDataAnnotation.csproj", "{91F7F14A-A0A0-4F05-A395-E1319041CACE}"
EndProject
Project("{FAE04EC0-301F-11D3-BF4B-00C04F79EFBC}") = "EducationDbFluApi", "EducationDbFluApi\EducationDbFluApi.csproj", "{AD60C9DF-DE0E-47D9-8556-29737C70E8FF}"
EndProject
Global
	GlobalSection(SolutionConfigurationPlatforms) = preSolution
		Debug|Any CPU = Debug|Any CPU
		Release|Any CPU = Release|Any CPU
	EndGlobalSection
	GlobalSection(ProjectConfigurationPlatforms) = postSolution
		{E17DBD1C-702B-483D-B079-5285DF02F9EF}.Debug|Any CPU.ActiveCfg = Debug|Any CPU
		{E17DBD1C-702B-483D-B079-5285DF02F9EF}.Debug|Any CPU.Build.0 = Debug|Any CPU
		{E17DBD1C-702B-483D-B079-5285DF02F9EF}.Release|Any CPU.ActiveCfg = Release|Any CPU
		{E17DBD1C-702B-483D-B079-5285DF02F9EF}.Release|Any CPU.Build.0 = Release|Any CPU
		{6DF94FA1-60EE-4C9C-8DB8-D6A30CDC7355}.Debug|Any CPU.ActiveCfg = Debug|Any CPU
		{6DF94FA1-60EE-4C9C-8DB8-D6A30CDC7355}.Debug|Any CPU.Build.0 = Debug|Any CPU
		{6DF94FA1-60EE-4C9C-8DB8-D6A30CDC7355}.Release|Any CPU.ActiveCfg = Release|Any CPU
		{6DF94FA1-60EE-4C9C-8DB8-D6A30CDC7355}.Release|Any CPU.Build.0 = Release|Any CPU
		{F733F93A-B9D6-46DB-BF74-74D0CF737DCF}.Debug|Any CPU.ActiveCfg = Debug|Any CPU
		{F733F93A-B9D6-46DB-BF74-74D0CF737DCF}.Debug|Any CPU.Build.0 = Debug|Any CPU
		{F733F93A-B9D6-46DB-BF74-74D0CF737DCF}.Release|Any CPU.ActiveCfg = Release|Any CPU
		{F733F93A-B9D6-46DB-BF74-74D0CF737DCF}.Release|Any CPU.Build.0 = Release|Any CPU
		{BD09683F-4708-461A-BF1A-09874D8F1D85}.Debug|Any CPU.ActiveCfg = Debug|Any CPU
		{BD09683F-4708-461A-BF1A-09874D8F1D85}.Debug|Any CPU.Build.0 = Debug|Any CPU
		{BD09683F-4708-461A-BF1A-09874D8F1D85}.Release|Any CPU.ActiveCfg = Release|Any CPU
		{BD09683F-4708-461A-BF1A-09874D8F1D85}.Release|Any CPU.Build.0 = Release|Any CPU
		{DB6061DC-B7E5-48D6-B5FE-B8B920441CD9}.Debug|Any CPU.ActiveCfg = Debug|Any CPU
		{DB6061DC-B7E5-48D6-B5FE-B8B920441CD9}.Debug|Any CPU.Build.0 = Debug|Any CPU
		{DB6061DC-B7E5-48D6-B5FE-B8B920441CD9}.Release|Any CPU.ActiveCfg = Release|Any CPU
		{DB6061DC-B7E5-48D6-B5FE-B8B920441CD9}.Release|Any CPU.Build.0 = Release|Any CPU
		{52BBC18C-B5B4-4C77-8184-EB05A79E7B7D}.Debug|Any CPU.ActiveCfg = Debug|Any CPU
		{52BBC18C-B5B4-4C77-8184-EB05A79E7B7D}.Debug|Any CPU.Build.0 = Debug|Any CPU
		{52BBC18C-B5B4-4C77-8184-EB05A79E7B7D}.Release|Any CPU.ActiveCfg = Release|Any CPU
		{52BBC18C-B5B4-4C77-8184-EB05A79E7B7D}.Release|Any CPU.Build.0 = Release|Any CPU
		{CF4DAFB3-BA32-4B2B-BE55-D8FE9BA67AD0}.Debug|Any CPU.ActiveCfg = Debug|Any CPU
		{CF4DAFB3-BA32-4B2B-BE55-D8FE9BA67AD0}.Debug|Any CPU.Build.0 = Debug|Any CPU
		{CF4DAFB3-BA32-4B2B-BE55-D8FE9BA67AD0}.Release|Any CPU.ActiveCfg = Release|Any CPU
		{CF4DAFB3-BA32-4B2B-BE55-D8FE9BA67AD0}.Release|Any CPU.Build.0 = Release|Any CPU
		{64ED4DDE-2458-492D-94B2-5ACBAA622794}.Debug|Any CPU.ActiveCfg = Debug|Any CPU
		{64ED4DDE-2458-492D-94B2-5ACBAA622794}.Debug|Any CPU.Build.0 = Debug|Any CPU
		{64ED4DDE-2458-492D-94B2-5ACBAA622794}.Release|Any CPU.ActiveCfg = Release|Any CPU
		{64ED4DDE-2458-492D-94B2-5ACBAA622794}.Release|Any CPU.Build.0 = Release|Any CPU
		{87AC795D-42C7-4AB5-BD53-EDB1F27BAA07}.Debug|Any CPU.ActiveCfg = Debug|Any CPU
		{87AC795D-42C7-4AB5-BD53-EDB1F27BAA07}.Debug|Any CPU.Build.0 = Debug|Any CPU
		{87AC795D-42C7-4AB5-BD53-EDB1F27BAA07}.Release|Any CPU.ActiveCfg = Release|Any CPU
		{87AC795D-42C7-4AB5-BD53-EDB1F27BAA07}.Release|Any CPU.Build.0 = Release|Any CPU
		{AF4835B8-3668-4E80-B1BE-C9B4F71989B3}.Debug|Any CPU.ActiveCfg = Debug|Any CPU
		{AF4835B8-3668-4E80-B1BE-C9B4F71989B3}.Debug|Any CPU.Build.0 = Debug|Any CPU
		{AF4835B8-3668-4E80-B1BE-C9B4F71989B3}.Release|Any CPU.ActiveCfg = Release|Any CPU
		{AF4835B8-3668-4E80-B1BE-C9B4F71989B3}.Release|Any CPU.Build.0 = Release|Any CPU
		{91F7F14A-A0A0-4F05-A395-E1319041CACE}.Debug|Any CPU.ActiveCfg = Debug|Any CPU
		{91F7F14A-A0A0-4F05-A395-E1319041CACE}.Debug|Any CPU.Build.0 = Debug|Any CPU
		{91F7F14A-A0A0-4F05-A395-E1319041CACE}.Release|Any CPU.ActiveCfg = Release|Any CPU
		{91F7F14A-A0A0-4F05-A395-E1319041CACE}.Release|Any CPU.Build.0 = Release|Any CPU
		{AD60C9DF-DE0E-47D9-8556-29737C70E8FF}.Debug|Any CPU.ActiveCfg = Debug|Any CPU
		{AD60C9DF-DE0E-47D9-8556-29737C70E8FF}.Debug|Any CPU.Build.0 = Debug|Any CPU
		{AD60C9DF-DE0E-47D9-8556-29737C70E8FF}.Release|Any CPU.ActiveCfg = Release|Any CPU
		{AD60C9DF-DE0E-47D9-8556-29737C70E8FF}.Release|Any CPU.Build.0 = Release|Any CPU
	EndGlobalSection
	GlobalSection(SolutionProperties) = preSolution
		HideSolutionNode = FALSE
	EndGlobalSection
	GlobalSection(ExtensibilityGlobals) = postSolution
		SolutionGuid = {F4270AFF-0BCB-4EDD-BD6C-FF12D9B14CF0}
	EndGlobalSection
EndGlobal
